{
  "name": "kedou_wx",
  "version": "1.0.0",
  "lockfileVersion": 1,
  "requires": true,
  "dependencies": {
    "tim-wx-sdk": {
      "version": "2.6.6",
      "resolved": "https://registry.npmjs.org/tim-wx-sdk/-/tim-wx-sdk-2.6.6.tgz",
      "integrity": "sha512-9bWrpxV70W22l5S3I+K02gr4O4D9qWdR/fvrV388u2gdmjaVs7iW+IucAFNcRiclyYBEVxZ6S4bQ4nNkVWMMag=="
    }
  }
}
